{
  "name": "flow-bug",
  "version": "1.0.0",
  "lockfileVersion": 1,
  "requires": true,
  "dependencies": {
    "flow-bin": {
      "version": "0.60.0",
      "resolved": "https://registry.npmjs.org/flow-bin/-/flow-bin-0.60.0.tgz",
      "integrity": "sha1-iF0NkqkPlMKUReD5oDgvW13rqu0=",
      "dev": true
    }
  }
}
